
Microsoft Visual Studio Solution File, Format Version 12.00
# Visual Studio Version 16
VisualStudioVersion = 16.0.30611.23
MinimumVisualStudioVersion = 10.0.40219.1
Project("{FAE04EC0-301F-11D3-BF4B-00C04F79EFBC}") = "ShapeAssignment", "ShapeAssignment.csproj", "{5D4C5E19-1DED-4A7D-BFE0-3CE4F4615BF1}"
EndProject
Global
	GlobalSection(SolutionConfigurationPlatforms) = preSolution
		Debug|Any CPU = Debug|Any CPU
		Release|Any CPU = Release|Any CPU
	EndGlobalSection
	GlobalSection(ProjectConfigurationPlatforms) = postSolution
		{5D4C5E19-1DED-4A7D-BFE0-3CE4F4615BF1}.Debug|Any CPU.ActiveCfg = Debug|Any CPU
		{5D4C5E19-1DED-4A7D-BFE0-3CE4F4615BF1}.Debug|Any CPU.Build.0 = Debug|Any CPU
		{5D4C5E19-1DED-4A7D-BFE0-3CE4F4615BF1}.Release|Any CPU.ActiveCfg = Release|Any CPU
		{5D4C5E19-1DED-4A7D-BFE0-3CE4F4615BF1}.Release|Any CPU.Build.0 = Release|Any CPU
	EndGlobalSection
	GlobalSection(SolutionProperties) = preSolution
		HideSolutionNode = FALSE
	EndGlobalSection
	GlobalSection(ExtensibilityGlobals) = postSolution
		SolutionGuid = {5A6386D3-9A66-4951-89E2-229CA9DE7DEE}
	EndGlobalSection
EndGlobal
